
Microsoft Visual Studio Solution File, Format Version 12.00
# Visual Studio Version 17
VisualStudioVersion = 17.0.31903.59
MinimumVisualStudioVersion = 10.0.40219.1
Project("{FAE04EC0-301F-11D3-BF4B-00C04F79EFBC}") = "ZMS.API", "ZMS.API\ZMS.API.csproj", "{7B5EFF42-E401-4D37-AD00-F688466515F5}"
EndProject
Project("{FAE04EC0-301F-11D3-BF4B-00C04F79EFBC}") = "ZMS.Core", "ZMS.Core\ZMS.Core.csproj", "{0D046DE5-FA23-494A-B20C-2B6E2269DD20}"
EndProject
Project("{FAE04EC0-301F-11D3-BF4B-00C04F79EFBC}") = "ZMS.Application", "ZMS.Application\ZMS.Application.csproj", "{28349EFB-B450-422F-ACFF-7AEBCD579123}"
EndProject
Project("{FAE04EC0-301F-11D3-BF4B-00C04F79EFBC}") = "ZMS.Infrastructure", "ZMS.Infrastructure\ZMS.Infrastructure.csproj", "{21E8DBD9-263A-46EB-B6D0-C54878802BA8}"
EndProject
Project("{FAE04EC0-301F-11D3-BF4B-00C04F79EFBC}") = "ZMS.MigrationEngine", "ZMS.MigrationEngine\ZMS.MigrationEngine.csproj", "{56D094E0-3199-46F3-839D-D822FB80E434}"
EndProject
Project("{FAE04EC0-301F-11D3-BF4B-00C04F79EFBC}") = "ZMS.Connectors.SharePointOnPrem", "ZMS.Connectors.SharePointOnPrem\ZMS.Connectors.SharePointOnPrem.csproj", "{1D11A4B2-A40A-4A0C-8716-7AC436F7FC9E}"
EndProject
Project("{FAE04EC0-301F-11D3-BF4B-00C04F79EFBC}") = "ZMS.Connectors.SharePointOnline", "ZMS.Connectors.SharePointOnline\ZMS.Connectors.SharePointOnline.csproj", "{464A0EB3-84E0-47AF-AC84-AC1FE121A409}"
EndProject
Project("{FAE04EC0-301F-11D3-BF4B-00C04F79EFBC}") = "ZMS.Connectors.FileShare", "ZMS.Connectors.FileShare\ZMS.Connectors.FileShare.csproj", "{EAC8857A-B916-49A3-9A4E-308B02B8E247}"
EndProject
Project("{FAE04EC0-301F-11D3-BF4B-00C04F79EFBC}") = "ZMS.Reporting", "ZMS.Reporting\ZMS.Reporting.csproj", "{592C978E-C6F8-45B0-811C-273E343AC7DF}"
EndProject
Project("{FAE04EC0-301F-11D3-BF4B-00C04F79EFBC}") = "ZMS.Connectors.GoogleDrive", "ZMS.Connectors.GoogleDrive\ZMS.Connectors.GoogleDrive.csproj", "{32C8ED05-2A08-4722-931B-F5BFA859E399}"
EndProject
Project("{FAE04EC0-301F-11D3-BF4B-00C04F79EFBC}") = "ZMS.Tests", "ZMS.Tests\ZMS.Tests.csproj", "{8DF8C1E2-0722-46AA-8604-377B3F4C9725}"
EndProject
Global
	GlobalSection(SolutionConfigurationPlatforms) = preSolution
		Debug|Any CPU = Debug|Any CPU
		Debug|x64 = Debug|x64
		Debug|x86 = Debug|x86
		Release|Any CPU = Release|Any CPU
		Release|x64 = Release|x64
		Release|x86 = Release|x86
	EndGlobalSection
	GlobalSection(ProjectConfigurationPlatforms) = postSolution
		{7B5EFF42-E401-4D37-AD00-F688466515F5}.Debug|Any CPU.ActiveCfg = Debug|Any CPU
		{7B5EFF42-E401-4D37-AD00-F688466515F5}.Debug|Any CPU.Build.0 = Debug|Any CPU
		{7B5EFF42-E401-4D37-AD00-F688466515F5}.Debug|x64.ActiveCfg = Debug|Any CPU
		{7B5EFF42-E401-4D37-AD00-F688466515F5}.Debug|x64.Build.0 = Debug|Any CPU
		{7B5EFF42-E401-4D37-AD00-F688466515F5}.Debug|x86.ActiveCfg = Debug|Any CPU
		{7B5EFF42-E401-4D37-AD00-F688466515F5}.Debug|x86.Build.0 = Debug|Any CPU
		{7B5EFF42-E401-4D37-AD00-F688466515F5}.Release|Any CPU.ActiveCfg = Release|Any CPU
		{7B5EFF42-E401-4D37-AD00-F688466515F5}.Release|Any CPU.Build.0 = Release|Any CPU
		{7B5EFF42-E401-4D37-AD00-F688466515F5}.Release|x64.ActiveCfg = Release|Any CPU
		{7B5EFF42-E401-4D37-AD00-F688466515F5}.Release|x64.Build.0 = Release|Any CPU
		{7B5EFF42-E401-4D37-AD00-F688466515F5}.Release|x86.ActiveCfg = Release|Any CPU
		{7B5EFF42-E401-4D37-AD00-F688466515F5}.Release|x86.Build.0 = Release|Any CPU
		{0D046DE5-FA23-494A-B20C-2B6E2269DD20}.Debug|Any CPU.ActiveCfg = Debug|Any CPU
		{0D046DE5-FA23-494A-B20C-2B6E2269DD20}.Debug|Any CPU.Build.0 = Debug|Any CPU
		{0D046DE5-FA23-494A-B20C-2B6E2269DD20}.Debug|x64.ActiveCfg = Debug|Any CPU
		{0D046DE5-FA23-494A-B20C-2B6E2269DD20}.Debug|x64.Build.0 = Debug|Any CPU
		{0D046DE5-FA23-494A-B20C-2B6E2269DD20}.Debug|x86.ActiveCfg = Debug|Any CPU
		{0D046DE5-FA23-494A-B20C-2B6E2269DD20}.Debug|x86.Build.0 = Debug|Any CPU
		{0D046DE5-FA23-494A-B20C-2B6E2269DD20}.Release|Any CPU.ActiveCfg = Release|Any CPU
		{0D046DE5-FA23-494A-B20C-2B6E2269DD20}.Release|Any CPU.Build.0 = Release|Any CPU
		{0D046DE5-FA23-494A-B20C-2B6E2269DD20}.Release|x64.ActiveCfg = Release|Any CPU
		{0D046DE5-FA23-494A-B20C-2B6E2269DD20}.Release|x64.Build.0 = Release|Any CPU
		{0D046DE5-FA23-494A-B20C-2B6E2269DD20}.Release|x86.ActiveCfg = Release|Any CPU
		{0D046DE5-FA23-494A-B20C-2B6E2269DD20}.Release|x86.Build.0 = Release|Any CPU
		{28349EFB-B450-422F-ACFF-7AEBCD579123}.Debug|Any CPU.ActiveCfg = Debug|Any CPU
		{28349EFB-B450-422F-ACFF-7AEBCD579123}.Debug|Any CPU.Build.0 = Debug|Any CPU
		{28349EFB-B450-422F-ACFF-7AEBCD579123}.Debug|x64.ActiveCfg = Debug|Any CPU
		{28349EFB-B450-422F-ACFF-7AEBCD579123}.Debug|x64.Build.0 = Debug|Any CPU
		{28349EFB-B450-422F-ACFF-7AEBCD579123}.Debug|x86.ActiveCfg = Debug|Any CPU
		{28349EFB-B450-422F-ACFF-7AEBCD579123}.Debug|x86.Build.0 = Debug|Any CPU
		{28349EFB-B450-422F-ACFF-7AEBCD579123}.Release|Any CPU.ActiveCfg = Release|Any CPU
		{28349EFB-B450-422F-ACFF-7AEBCD579123}.Release|Any CPU.Build.0 = Release|Any CPU
		{28349EFB-B450-422F-ACFF-7AEBCD579123}.Release|x64.ActiveCfg = Release|Any CPU
		{28349EFB-B450-422F-ACFF-7AEBCD579123}.Release|x64.Build.0 = Release|Any CPU
		{28349EFB-B450-422F-ACFF-7AEBCD579123}.Release|x86.ActiveCfg = Release|Any CPU
		{28349EFB-B450-422F-ACFF-7AEBCD579123}.Release|x86.Build.0 = Release|Any CPU
		{21E8DBD9-263A-46EB-B6D0-C54878802BA8}.Debug|Any CPU.ActiveCfg = Debug|Any CPU
		{21E8DBD9-263A-46EB-B6D0-C54878802BA8}.Debug|Any CPU.Build.0 = Debug|Any CPU
		{21E8DBD9-263A-46EB-B6D0-C54878802BA8}.Debug|x64.ActiveCfg = Debug|Any CPU
		{21E8DBD9-263A-46EB-B6D0-C54878802BA8}.Debug|x64.Build.0 = Debug|Any CPU
		{21E8DBD9-263A-46EB-B6D0-C54878802BA8}.Debug|x86.ActiveCfg = Debug|Any CPU
		{21E8DBD9-263A-46EB-B6D0-C54878802BA8}.Debug|x86.Build.0 = Debug|Any CPU
		{21E8DBD9-263A-46EB-B6D0-C54878802BA8}.Release|Any CPU.ActiveCfg = Release|Any CPU
		{21E8DBD9-263A-46EB-B6D0-C54878802BA8}.Release|Any CPU.Build.0 = Release|Any CPU
		{21E8DBD9-263A-46EB-B6D0-C54878802BA8}.Release|x64.ActiveCfg = Release|Any CPU
		{21E8DBD9-263A-46EB-B6D0-C54878802BA8}.Release|x64.Build.0 = Release|Any CPU
		{21E8DBD9-263A-46EB-B6D0-C54878802BA8}.Release|x86.ActiveCfg = Release|Any CPU
		{21E8DBD9-263A-46EB-B6D0-C54878802BA8}.Release|x86.Build.0 = Release|Any CPU
		{56D094E0-3199-46F3-839D-D822FB80E434}.Debug|Any CPU.ActiveCfg = Debug|Any CPU
		{56D094E0-3199-46F3-839D-D822FB80E434}.Debug|Any CPU.Build.0 = Debug|Any CPU
		{56D094E0-3199-46F3-839D-D822FB80E434}.Debug|x64.ActiveCfg = Debug|Any CPU
		{56D094E0-3199-46F3-839D-D822FB80E434}.Debug|x64.Build.0 = Debug|Any CPU
		{56D094E0-3199-46F3-839D-D822FB80E434}.Debug|x86.ActiveCfg = Debug|Any CPU
		{56D094E0-3199-46F3-839D-D822FB80E434}.Debug|x86.Build.0 = Debug|Any CPU
		{56D094E0-3199-46F3-839D-D822FB80E434}.Release|Any CPU.ActiveCfg = Release|Any CPU
		{56D094E0-3199-46F3-839D-D822FB80E434}.Release|Any CPU.Build.0 = Release|Any CPU
		{56D094E0-3199-46F3-839D-D822FB80E434}.Release|x64.ActiveCfg = Release|Any CPU
		{56D094E0-3199-46F3-839D-D822FB80E434}.Release|x64.Build.0 = Release|Any CPU
		{56D094E0-3199-46F3-839D-D822FB80E434}.Release|x86.ActiveCfg = Release|Any CPU
		{56D094E0-3199-46F3-839D-D822FB80E434}.Release|x86.Build.0 = Release|Any CPU
		{1D11A4B2-A40A-4A0C-8716-7AC436F7FC9E}.Debug|Any CPU.ActiveCfg = Debug|Any CPU
		{1D11A4B2-A40A-4A0C-8716-7AC436F7FC9E}.Debug|Any CPU.Build.0 = Debug|Any CPU
		{1D11A4B2-A40A-4A0C-8716-7AC436F7FC9E}.Debug|x64.ActiveCfg = Debug|Any CPU
		{1D11A4B2-A40A-4A0C-8716-7AC436F7FC9E}.Debug|x64.Build.0 = Debug|Any CPU
		{1D11A4B2-A40A-4A0C-8716-7AC436F7FC9E}.Debug|x86.ActiveCfg = Debug|Any CPU
		{1D11A4B2-A40A-4A0C-8716-7AC436F7FC9E}.Debug|x86.Build.0 = Debug|Any CPU
		{1D11A4B2-A40A-4A0C-8716-7AC436F7FC9E}.Release|Any CPU.ActiveCfg = Release|Any CPU
		{1D11A4B2-A40A-4A0C-8716-7AC436F7FC9E}.Release|Any CPU.Build.0 = Release|Any CPU
		{1D11A4B2-A40A-4A0C-8716-7AC436F7FC9E}.Release|x64.ActiveCfg = Release|Any CPU
		{1D11A4B2-A40A-4A0C-8716-7AC436F7FC9E}.Release|x64.Build.0 = Release|Any CPU
		{1D11A4B2-A40A-4A0C-8716-7AC436F7FC9E}.Release|x86.ActiveCfg = Release|Any CPU
		{1D11A4B2-A40A-4A0C-8716-7AC436F7FC9E}.Release|x86.Build.0 = Release|Any CPU
		{464A0EB3-84E0-47AF-AC84-AC1FE121A409}.Debug|Any CPU.ActiveCfg = Debug|Any CPU
		{464A0EB3-84E0-47AF-AC84-AC1FE121A409}.Debug|Any CPU.Build.0 = Debug|Any CPU
		{464A0EB3-84E0-47AF-AC84-AC1FE121A409}.Debug|x64.ActiveCfg = Debug|Any CPU
		{464A0EB3-84E0-47AF-AC84-AC1FE121A409}.Debug|x64.Build.0 = Debug|Any CPU
		{464A0EB3-84E0-47AF-AC84-AC1FE121A409}.Debug|x86.ActiveCfg = Debug|Any CPU
		{464A0EB3-84E0-47AF-AC84-AC1FE121A409}.Debug|x86.Build.0 = Debug|Any CPU
		{464A0EB3-84E0-47AF-AC84-AC1FE121A409}.Release|Any CPU.ActiveCfg = Release|Any CPU
		{464A0EB3-84E0-47AF-AC84-AC1FE121A409}.Release|Any CPU.Build.0 = Release|Any CPU
		{464A0EB3-84E0-47AF-AC84-AC1FE121A409}.Release|x64.ActiveCfg = Release|Any CPU
		{464A0EB3-84E0-47AF-AC84-AC1FE121A409}.Release|x64.Build.0 = Release|Any CPU
		{464A0EB3-84E0-47AF-AC84-AC1FE121A409}.Release|x86.ActiveCfg = Release|Any CPU
		{464A0EB3-84E0-47AF-AC84-AC1FE121A409}.Release|x86.Build.0 = Release|Any CPU
		{EAC8857A-B916-49A3-9A4E-308B02B8E247}.Debug|Any CPU.ActiveCfg = Debug|Any CPU
		{EAC8857A-B916-49A3-9A4E-308B02B8E247}.Debug|Any CPU.Build.0 = Debug|Any CPU
		{EAC8857A-B916-49A3-9A4E-308B02B8E247}.Debug|x64.ActiveCfg = Debug|Any CPU
		{EAC8857A-B916-49A3-9A4E-308B02B8E247}.Debug|x64.Build.0 = Debug|Any CPU
		{EAC8857A-B916-49A3-9A4E-308B02B8E247}.Debug|x86.ActiveCfg = Debug|Any CPU
		{EAC8857A-B916-49A3-9A4E-308B02B8E247}.Debug|x86.Build.0 = Debug|Any CPU
		{EAC8857A-B916-49A3-9A4E-308B02B8E247}.Release|Any CPU.ActiveCfg = Release|Any CPU
		{EAC8857A-B916-49A3-9A4E-308B02B8E247}.Release|Any CPU.Build.0 = Release|Any CPU
		{EAC8857A-B916-49A3-9A4E-308B02B8E247}.Release|x64.ActiveCfg = Release|Any CPU
		{EAC8857A-B916-49A3-9A4E-308B02B8E247}.Release|x64.Build.0 = Release|Any CPU
		{EAC8857A-B916-49A3-9A4E-308B02B8E247}.Release|x86.ActiveCfg = Release|Any CPU
		{EAC8857A-B916-49A3-9A4E-308B02B8E247}.Release|x86.Build.0 = Release|Any CPU
		{592C978E-C6F8-45B0-811C-273E343AC7DF}.Debug|Any CPU.ActiveCfg = Debug|Any CPU
		{592C978E-C6F8-45B0-811C-273E343AC7DF}.Debug|Any CPU.Build.0 = Debug|Any CPU
		{592C978E-C6F8-45B0-811C-273E343AC7DF}.Debug|x64.ActiveCfg = Debug|Any CPU
		{592C978E-C6F8-45B0-811C-273E343AC7DF}.Debug|x64.Build.0 = Debug|Any CPU
		{592C978E-C6F8-45B0-811C-273E343AC7DF}.Debug|x86.ActiveCfg = Debug|Any CPU
		{592C978E-C6F8-45B0-811C-273E343AC7DF}.Debug|x86.Build.0 = Debug|Any CPU
		{592C978E-C6F8-45B0-811C-273E343AC7DF}.Release|Any CPU.ActiveCfg = Release|Any CPU
		{592C978E-C6F8-45B0-811C-273E343AC7DF}.Release|Any CPU.Build.0 = Release|Any CPU
		{592C978E-C6F8-45B0-811C-273E343AC7DF}.Release|x64.ActiveCfg = Release|Any CPU
		{592C978E-C6F8-45B0-811C-273E343AC7DF}.Release|x64.Build.0 = Release|Any CPU
		{592C978E-C6F8-45B0-811C-273E343AC7DF}.Release|x86.ActiveCfg = Release|Any CPU
		{592C978E-C6F8-45B0-811C-273E343AC7DF}.Release|x86.Build.0 = Release|Any CPU
		{32C8ED05-2A08-4722-931B-F5BFA859E399}.Debug|Any CPU.ActiveCfg = Debug|Any CPU
		{32C8ED05-2A08-4722-931B-F5BFA859E399}.Debug|Any CPU.Build.0 = Debug|Any CPU
		{32C8ED05-2A08-4722-931B-F5BFA859E399}.Debug|x64.ActiveCfg = Debug|Any CPU
		{32C8ED05-2A08-4722-931B-F5BFA859E399}.Debug|x64.Build.0 = Debug|Any CPU
		{32C8ED05-2A08-4722-931B-F5BFA859E399}.Debug|x86.ActiveCfg = Debug|Any CPU
		{32C8ED05-2A08-4722-931B-F5BFA859E399}.Debug|x86.Build.0 = Debug|Any CPU
		{32C8ED05-2A08-4722-931B-F5BFA859E399}.Release|Any CPU.ActiveCfg = Release|Any CPU
		{32C8ED05-2A08-4722-931B-F5BFA859E399}.Release|Any CPU.Build.0 = Release|Any CPU
		{32C8ED05-2A08-4722-931B-F5BFA859E399}.Release|x64.ActiveCfg = Release|Any CPU
		{32C8ED05-2A08-4722-931B-F5BFA859E399}.Release|x64.Build.0 = Release|Any CPU
		{32C8ED05-2A08-4722-931B-F5BFA859E399}.Release|x86.ActiveCfg = Release|Any CPU
		{32C8ED05-2A08-4722-931B-F5BFA859E399}.Release|x86.Build.0 = Release|Any CPU
		{8DF8C1E2-0722-46AA-8604-377B3F4C9725}.Debug|Any CPU.ActiveCfg = Debug|Any CPU
		{8DF8C1E2-0722-46AA-8604-377B3F4C9725}.Debug|Any CPU.Build.0 = Debug|Any CPU
		{8DF8C1E2-0722-46AA-8604-377B3F4C9725}.Debug|x64.ActiveCfg = Debug|Any CPU
		{8DF8C1E2-0722-46AA-8604-377B3F4C9725}.Debug|x64.Build.0 = Debug|Any CPU
		{8DF8C1E2-0722-46AA-8604-377B3F4C9725}.Debug|x86.ActiveCfg = Debug|Any CPU
		{8DF8C1E2-0722-46AA-8604-377B3F4C9725}.Debug|x86.Build.0 = Debug|Any CPU
		{8DF8C1E2-0722-46AA-8604-377B3F4C9725}.Release|Any CPU.ActiveCfg = Release|Any CPU
		{8DF8C1E2-0722-46AA-8604-377B3F4C9725}.Release|Any CPU.Build.0 = Release|Any CPU
		{8DF8C1E2-0722-46AA-8604-377B3F4C9725}.Release|x64.ActiveCfg = Release|Any CPU
		{8DF8C1E2-0722-46AA-8604-377B3F4C9725}.Release|x64.Build.0 = Release|Any CPU
		{8DF8C1E2-0722-46AA-8604-377B3F4C9725}.Release|x86.ActiveCfg = Release|Any CPU
		{8DF8C1E2-0722-46AA-8604-377B3F4C9725}.Release|x86.Build.0 = Release|Any CPU
	EndGlobalSection
	GlobalSection(SolutionProperties) = preSolution
		HideSolutionNode = FALSE
	EndGlobalSection
EndGlobal
